
Microsoft Visual Studio Solution File, Format Version 12.00
# Visual Studio 15
VisualStudioVersion = 15.0.27703.1
MinimumVisualStudioVersion = 10.0.40219.1
Project("{9A19103F-16F7-4668-BE54-9A1E7A4F7556}") = "RoboTrader.WebApi", "RoboTrader.WebApi\RoboTrader.WebApi.csproj", "{84DBB691-3C51-420B-8743-559F02E35DBC}"
EndProject
Project("{FAE04EC0-301F-11D3-BF4B-00C04F79EFBC}") = "Robotrader.Business", "Robotrader.Business\Robotrader.Business.csproj", "{93AA3F57-95D2-497D-9230-C87105997CDD}"
EndProject
Project("{FAE04EC0-301F-11D3-BF4B-00C04F79EFBC}") = "Robotrader.Business.Test", "Robotrader.Business.Test\Robotrader.Business.Test.csproj", "{7BF2312A-29BA-47E0-A8AD-524C23FFC0A4}"
EndProject
Global
	GlobalSection(SolutionConfigurationPlatforms) = preSolution
		Debug|Any CPU = Debug|Any CPU
		Release|Any CPU = Release|Any CPU
	EndGlobalSection
	GlobalSection(ProjectConfigurationPlatforms) = postSolution
		{84DBB691-3C51-420B-8743-559F02E35DBC}.Debug|Any CPU.ActiveCfg = Debug|Any CPU
		{84DBB691-3C51-420B-8743-559F02E35DBC}.Debug|Any CPU.Build.0 = Debug|Any CPU
		{84DBB691-3C51-420B-8743-559F02E35DBC}.Release|Any CPU.ActiveCfg = Release|Any CPU
		{84DBB691-3C51-420B-8743-559F02E35DBC}.Release|Any CPU.Build.0 = Release|Any CPU
		{93AA3F57-95D2-497D-9230-C87105997CDD}.Debug|Any CPU.ActiveCfg = Debug|Any CPU
		{93AA3F57-95D2-497D-9230-C87105997CDD}.Debug|Any CPU.Build.0 = Debug|Any CPU
		{93AA3F57-95D2-497D-9230-C87105997CDD}.Release|Any CPU.ActiveCfg = Release|Any CPU
		{93AA3F57-95D2-497D-9230-C87105997CDD}.Release|Any CPU.Build.0 = Release|Any CPU
		{7BF2312A-29BA-47E0-A8AD-524C23FFC0A4}.Debug|Any CPU.ActiveCfg = Debug|Any CPU
		{7BF2312A-29BA-47E0-A8AD-524C23FFC0A4}.Debug|Any CPU.Build.0 = Debug|Any CPU
		{7BF2312A-29BA-47E0-A8AD-524C23FFC0A4}.Release|Any CPU.ActiveCfg = Release|Any CPU
		{7BF2312A-29BA-47E0-A8AD-524C23FFC0A4}.Release|Any CPU.Build.0 = Release|Any CPU
	EndGlobalSection
	GlobalSection(SolutionProperties) = preSolution
		HideSolutionNode = FALSE
	EndGlobalSection
	GlobalSection(ExtensibilityGlobals) = postSolution
		SolutionGuid = {30322918-BF4B-4404-A396-33070116F436}
	EndGlobalSection
EndGlobal
